<?xml version="1.0" encoding="utf-8"?>
<Project ToolsVersion="4.0" xmlns="http://schemas.microsoft.com/developer/msbuild/2003">
  <ItemGroup>
    <Filter Include="Entity">
      <UniqueIdentifier>{98f94dfb-bea5-4103-99c2-d216d4bf7eae}</UniqueIdentifier>
    </Filter>
    <Filter Include="Entity\Component">
      <UniqueIdentifier>{973e0ac0-6349-4f68-9ae5-aff40637a930}</UniqueIdentifier>
    </Filter>
    <Filter Include="Entity\Component\RenderComponent">
      <UniqueIdentifier>{edbc2131-8670-449a-b8ad-7e5ab4e119a9}</UniqueIdentifier>
    </Filter>
    <Filter Include="Entity\Asset">
      <UniqueIdentifier>{56588c98-938b-4461-b6f7-10a85b3c718f}</UniqueIdentifier>
    </Filter>
    <Filter Include="Manager">
      <UniqueIdentifier>{2df7dab0-40e8-4d23-adfa-37229e1e62a6}</UniqueIdentifier>
    </Filter>
    <Filter Include="Header">
      <UniqueIdentifier>{d6672dca-627d-49da-aa12-d904a485d175}</UniqueIdentifier>
    </Filter>
    <Filter Include="HLSL">
      <UniqueIdentifier>{689c5d48-0810-4815-a269-0493b1dbfab2}</UniqueIdentifier>
    </Filter>
    <Filter Include="Windows">
      <UniqueIdentifier>{771128c5-52ee-4a2f-809b-8acae98adc03}</UniqueIdentifier>
    </Filter>
    <Filter Include="Entity\GameObject">
      <UniqueIdentifier>{b29babbe-fe95-467b-8909-247ef958e4d1}</UniqueIdentifier>
    </Filter>
    <Filter Include="Entity\Layer">
      <UniqueIdentifier>{13b6aefd-6c3a-4c78-9e79-d537e5a0ce05}</UniqueIdentifier>
    </Filter>
    <Filter Include="Entity\Level">
      <UniqueIdentifier>{d762b8b7-5383-439c-bc25-3ced37ea30b0}</UniqueIdentifier>
    </Filter>
    <Filter Include="Entity\Component\Script">
      <UniqueIdentifier>{eb340dea-3b48-4aa3-bdfa-bb303e9a00f1}</UniqueIdentifier>
    </Filter>
    <Filter Include="Util">
      <UniqueIdentifier>{41a0550f-572d-45cf-8be3-6cd34ac0ef87}</UniqueIdentifier>
    </Filter>
    <Filter Include="DirectX">
      <UniqueIdentifier>{7b38bda6-97f4-4348-a9af-243cc174432e}</UniqueIdentifier>
    </Filter>
  </ItemGroup>
  <ItemGroup>
    <ClCompile Include="Animator2D.cpp">
      <Filter>Entity\Component\RenderComponent</Filter>
    </ClCompile>
    <ClCompile Include="Asset.cpp">
      <Filter>Entity\Asset</Filter>
    </ClCompile>
    <ClCompile Include="AssetManager.cpp">
      <Filter>Manager</Filter>
    </ClCompile>
    <ClCompile Include="Camera.cpp">
      <Filter>Entity\Component</Filter>
    </ClCompile>
    <ClCompile Include="Collider2D.cpp">
      <Filter>Entity\Component</Filter>
    </ClCompile>
    <ClCompile Include="CollisionManager.cpp">
      <Filter>Manager</Filter>
    </ClCompile>
    <ClCompile Include="Component.cpp">
      <Filter>Entity\Component</Filter>
    </ClCompile>
    <ClCompile Include="ConstBuffer.cpp">
      <Filter>Entity</Filter>
    </ClCompile>
    <ClCompile Include="Device.cpp" />
    <ClCompile Include="Engine.cpp" />
    <ClCompile Include="Entity.cpp">
      <Filter>Entity</Filter>
    </ClCompile>
    <ClCompile Include="extern.cpp" />
    <ClCompile Include="GameObject.cpp">
      <Filter>Entity\GameObject</Filter>
    </ClCompile>
    <ClCompile Include="GraphicShader.cpp">
      <Filter>Entity\Asset</Filter>
    </ClCompile>
    <ClCompile Include="KeyManager.cpp">
      <Filter>Manager</Filter>
    </ClCompile>
    <ClCompile Include="Layer.cpp">
      <Filter>Entity\Layer</Filter>
    </ClCompile>
    <ClCompile Include="Level.cpp">
      <Filter>Entity\Level</Filter>
    </ClCompile>
    <ClCompile Include="LevelManager.cpp">
      <Filter>Manager</Filter>
    </ClCompile>
    <ClCompile Include="main.cpp">
      <Filter>Windows</Filter>
    </ClCompile>
    <ClCompile Include="Material.cpp">
      <Filter>Entity\Asset</Filter>
    </ClCompile>
    <ClCompile Include="Mesh.cpp">
      <Filter>Entity\Asset</Filter>
    </ClCompile>
    <ClCompile Include="MeshRender.cpp">
      <Filter>Entity\Component\RenderComponent</Filter>
    </ClCompile>
    <ClCompile Include="PathManager.cpp">
      <Filter>Manager</Filter>
    </ClCompile>
    <ClCompile Include="pch.cpp">
      <Filter>Windows</Filter>
    </ClCompile>
    <ClCompile Include="Script.cpp">
      <Filter>Entity\Component\Script</Filter>
    </ClCompile>
    <ClCompile Include="Shader.cpp">
      <Filter>Entity\Asset</Filter>
    </ClCompile>
    <ClCompile Include="Player.cpp">
      <Filter>Entity\Component\Script</Filter>
    </ClCompile>
    <ClCompile Include="RenderComponent.cpp">
      <Filter>Entity\Component\RenderComponent</Filter>
    </ClCompile>
    <ClCompile Include="RenderManager.cpp">
      <Filter>Manager</Filter>
    </ClCompile>
    <ClCompile Include="Sprite.cpp">
      <Filter>Entity\Asset</Filter>
    </ClCompile>
    <ClCompile Include="StructedBuffer.cpp">
      <Filter>Entity</Filter>
    </ClCompile>
    <ClCompile Include="TaskManager.cpp">
      <Filter>Manager</Filter>
    </ClCompile>
    <ClCompile Include="Texture.cpp">
      <Filter>Entity\Asset</Filter>
    </ClCompile>
    <ClCompile Include="TileMap.cpp">
      <Filter>Entity\Component\RenderComponent</Filter>
    </ClCompile>
    <ClCompile Include="TimeManager.cpp">
      <Filter>Manager</Filter>
    </ClCompile>
    <ClCompile Include="Transform.cpp">
      <Filter>Entity\Component</Filter>
    </ClCompile>
  </ItemGroup>
  <ItemGroup>
    <ClInclude Include="Animator2D.h">
      <Filter>Entity\Component\RenderComponent</Filter>
    </ClInclude>
    <ClInclude Include="Asset.h">
      <Filter>Entity\Asset</Filter>
    </ClInclude>
    <ClInclude Include="AssetManager.h">
      <Filter>Manager</Filter>
    </ClInclude>
    <ClInclude Include="Camera.h">
      <Filter>Entity\Component</Filter>
    </ClInclude>
    <ClInclude Include="CameraEnums.h">
      <Filter>Header</Filter>
    </ClInclude>
    <ClInclude Include="Collider2D.h">
      <Filter>Entity\Component</Filter>
    </ClInclude>
    <ClInclude Include="CollisionManager.h">
      <Filter>Manager</Filter>
    </ClInclude>
    <ClInclude Include="CommonTypes.h">
      <Filter>Header</Filter>
    </ClInclude>
    <ClInclude Include="Component.h">
      <Filter>Entity\Component</Filter>
    </ClInclude>
    <ClInclude Include="ComponentEnums.h">
      <Filter>Header</Filter>
    </ClInclude>
    <ClInclude Include="ConstBuffer.h">
      <Filter>Entity</Filter>
    </ClInclude>
    <ClInclude Include="DesignPatternDefine.h">
      <Filter>Header</Filter>
    </ClInclude>
    <ClInclude Include="Device.h" />
    <ClInclude Include="Engine.h" />
    <ClInclude Include="Entity.h">
      <Filter>Entity</Filter>
    </ClInclude>
    <ClInclude Include="framework.h">
      <Filter>Windows</Filter>
    </ClInclude>
    <ClInclude Include="GameObject.h">
      <Filter>Entity\GameObject</Filter>
    </ClInclude>
    <ClInclude Include="Global.h">
      <Filter>Header</Filter>
    </ClInclude>
    <ClInclude Include="GraphicShader.h">
      <Filter>Entity\Asset</Filter>
    </ClInclude>
    <ClInclude Include="KeyEnums.h">
      <Filter>Header</Filter>
    </ClInclude>
    <ClInclude Include="KeyManager.h">
      <Filter>Manager</Filter>
    </ClInclude>
    <ClInclude Include="Layer.h">
      <Filter>Entity\Layer</Filter>
    </ClInclude>
    <ClInclude Include="LayerEnums.h">
      <Filter>Header</Filter>
    </ClInclude>
    <ClInclude Include="Level.h">
      <Filter>Entity\Level</Filter>
    </ClInclude>
    <ClInclude Include="LevelManager.h">
      <Filter>Manager</Filter>
    </ClInclude>
    <ClInclude Include="Material.h">
      <Filter>Entity\Asset</Filter>
    </ClInclude>
    <ClInclude Include="Mesh.h">
      <Filter>Entity\Asset</Filter>
    </ClInclude>
    <ClInclude Include="MeshRender.h">
      <Filter>Entity\Component\RenderComponent</Filter>
    </ClInclude>
    <ClInclude Include="Message.h">
      <Filter>Header</Filter>
    </ClInclude>
    <ClInclude Include="PathManager.h">
      <Filter>Manager</Filter>
    </ClInclude>
    <ClInclude Include="Script.h">
      <Filter>Entity\Component\Script</Filter>
    </ClInclude>
    <ClInclude Include="Shader.h">
      <Filter>Entity\Asset</Filter>
    </ClInclude>
    <ClInclude Include="Player.h">
      <Filter>Entity\Component\Script</Filter>
    </ClInclude>
    <ClInclude Include="Ptr.h">
      <Filter>Util</Filter>
    </ClInclude>
    <ClInclude Include="Render.h">
      <Filter>Header</Filter>
    </ClInclude>
    <ClInclude Include="RenderComponent.h">
      <Filter>Entity\Component\RenderComponent</Filter>
    </ClInclude>
    <ClInclude Include="RenderManager.h">
      <Filter>Manager</Filter>
    </ClInclude>
    <ClInclude Include="SimpleMath.h">
      <Filter>DirectX</Filter>
    </ClInclude>
    <ClInclude Include="Singleton.h">
      <Filter>Header</Filter>
    </ClInclude>
    <ClInclude Include="Sprite.h">
      <Filter>Entity\Asset</Filter>
    </ClInclude>
    <ClInclude Include="StructedBuffer.h">
      <Filter>Entity</Filter>
    </ClInclude>
    <ClInclude Include="TaskManager.h">
      <Filter>Manager</Filter>
    </ClInclude>
    <ClInclude Include="Texture.h">
      <Filter>Entity\Asset</Filter>
    </ClInclude>
    <ClInclude Include="TileMap.h">
      <Filter>Entity\Component\RenderComponent</Filter>
    </ClInclude>
    <ClInclude Include="TimeManager.h">
      <Filter>Manager</Filter>
    </ClInclude>
    <ClInclude Include="Transform.h">
      <Filter>Entity\Component</Filter>
    </ClInclude>
    <ClInclude Include="TransformEnums.h">
      <Filter>Header</Filter>
    </ClInclude>
    <ClInclude Include="pch.h">
      <Filter>Windows</Filter>
    </ClInclude>
  </ItemGroup>
  <ItemGroup>
    <FxCompile Include="Debug.fx">
      <Filter>HLSL</Filter>
    </FxCompile>
    <FxCompile Include="Functions.fx">
      <Filter>HLSL</Filter>
    </FxCompile>
    <FxCompile Include="PostProcess.fx">
      <Filter>HLSL</Filter>
    </FxCompile>
    <FxCompile Include="Std2D.fx">
      <Filter>HLSL</Filter>
    </FxCompile>
    <FxCompile Include="TileMap.fx">
      <Filter>HLSL</Filter>
    </FxCompile>
    <FxCompile Include="Values.fx">
      <Filter>HLSL</Filter>
    </FxCompile>
  </ItemGroup>
  <ItemGroup>
    <None Include="SimpleMath.inl">
      <Filter>DirectX</Filter>
    </None>
  </ItemGroup>
</Project>