<?xml version="1.0" encoding="utf-8"?>
<Project ToolsVersion="4.0" xmlns="http://schemas.microsoft.com/developer/msbuild/2003">
  <ItemGroup>
    <ClInclude Include="Engine.h" />
    <ClInclude Include="framework.h">
      <Filter>Default</Filter>
    </ClInclude>
    <ClInclude Include="pch.h">
      <Filter>Default</Filter>
    </ClInclude>
    <ClInclude Include="Device.h">
      <Filter>1.Device</Filter>
    </ClInclude>
    <ClInclude Include="Singleton.h">
      <Filter>0.Header\DesignPattern</Filter>
    </ClInclude>
    <ClInclude Include="Global.h">
      <Filter>0.Header</Filter>
    </ClInclude>
    <ClInclude Include="SimpleMath.h">
      <Filter>0.Header\DirectX</Filter>
    </ClInclude>
    <ClInclude Include="RenderTest.h" />
    <ClInclude Include="PathManager.h">
      <Filter>2.Util</Filter>
    </ClInclude>
    <ClInclude Include="TimeManager.h">
      <Filter>2.Util</Filter>
    </ClInclude>
    <ClInclude Include="KeyManager.h">
      <Filter>2.Util</Filter>
    </ClInclude>
    <ClInclude Include="Entity.h" />
    <ClInclude Include="Asset.h">
      <Filter>3.Asset</Filter>
    </ClInclude>
    <ClInclude Include="Mesh.h">
      <Filter>3.Asset\Mesh</Filter>
    </ClInclude>
    <ClInclude Include="Shader.h">
      <Filter>3.Asset\Shader</Filter>
    </ClInclude>
    <ClInclude Include="GraphicShader.h">
      <Filter>3.Asset\Shader</Filter>
    </ClInclude>
    <ClInclude Include="ConstBuffer.h">
      <Filter>1.Device\ConstBuffer</Filter>
    </ClInclude>
    <ClInclude Include="Ptr.h">
      <Filter>2.Util</Filter>
    </ClInclude>
    <ClInclude Include="Message.h">
      <Filter>0.Header\Constant</Filter>
    </ClInclude>
    <ClInclude Include="AssetManager.h">
      <Filter>3.Asset</Filter>
    </ClInclude>
  </ItemGroup>
  <ItemGroup>
    <ClCompile Include="Engine.cpp" />
    <ClCompile Include="main.cpp">
      <Filter>Default</Filter>
    </ClCompile>
    <ClCompile Include="pch.cpp">
      <Filter>Default</Filter>
    </ClCompile>
    <ClCompile Include="Device.cpp">
      <Filter>1.Device</Filter>
    </ClCompile>
    <ClCompile Include="RenderTest.cpp" />
    <ClCompile Include="PathManager.cpp">
      <Filter>2.Util</Filter>
    </ClCompile>
    <ClCompile Include="TimeManager.cpp">
      <Filter>2.Util</Filter>
    </ClCompile>
    <ClCompile Include="KeyManager.cpp">
      <Filter>2.Util</Filter>
    </ClCompile>
    <ClCompile Include="Entity.cpp" />
    <ClCompile Include="Asset.cpp">
      <Filter>3.Asset</Filter>
    </ClCompile>
    <ClCompile Include="Mesh.cpp">
      <Filter>3.Asset\Mesh</Filter>
    </ClCompile>
    <ClCompile Include="Shader.cpp">
      <Filter>3.Asset\Shader</Filter>
    </ClCompile>
    <ClCompile Include="GraphicShader.cpp">
      <Filter>3.Asset\Shader</Filter>
    </ClCompile>
    <ClCompile Include="ConstBuffer.cpp">
      <Filter>1.Device\ConstBuffer</Filter>
    </ClCompile>
    <ClCompile Include="AssetManager.cpp">
      <Filter>3.Asset</Filter>
    </ClCompile>
  </ItemGroup>
  <ItemGroup>
    <Filter Include="Default">
      <UniqueIdentifier>{c201226f-21ad-40d2-b0f2-ad8fd85cc96b}</UniqueIdentifier>
    </Filter>
    <Filter Include="0.Header">
      <UniqueIdentifier>{81f83232-21d8-492a-acb9-b8823bd70e70}</UniqueIdentifier>
    </Filter>
    <Filter Include="1.Device">
      <UniqueIdentifier>{5ff6eb73-6d63-40fb-8a82-4810cc532401}</UniqueIdentifier>
    </Filter>
    <Filter Include="0.Header\DesignPattern">
      <UniqueIdentifier>{77dc491f-691c-46f3-bfc2-951a36d18880}</UniqueIdentifier>
    </Filter>
    <Filter Include="0.Header\DirectX">
      <UniqueIdentifier>{9b650aa1-6b12-4e84-bab8-a5131af01046}</UniqueIdentifier>
    </Filter>
    <Filter Include="HLSL">
      <UniqueIdentifier>{7af9394b-b2b7-4cf6-996b-cc1d92d5aa1d}</UniqueIdentifier>
    </Filter>
    <Filter Include="2.Util">
      <UniqueIdentifier>{15c8395b-d4d0-4183-bc30-ccd9ffd46ded}</UniqueIdentifier>
    </Filter>
    <Filter Include="3.Asset">
      <UniqueIdentifier>{d631d89d-24d8-4bfc-b669-f9896cd36967}</UniqueIdentifier>
    </Filter>
    <Filter Include="3.Asset\Mesh">
      <UniqueIdentifier>{dd4a25bb-8b96-42b0-b512-9c371a8487c7}</UniqueIdentifier>
    </Filter>
    <Filter Include="3.Asset\Shader">
      <UniqueIdentifier>{869c6a89-d19f-41b1-90fe-1833c04fa05c}</UniqueIdentifier>
    </Filter>
    <Filter Include="1.Device\ConstBuffer">
      <UniqueIdentifier>{2e82f871-771d-4da4-9323-55f9b7eef149}</UniqueIdentifier>
    </Filter>
    <Filter Include="0.Header\Constant">
      <UniqueIdentifier>{a6fcac6d-b7b6-42f9-9334-923807ea1dec}</UniqueIdentifier>
    </Filter>
  </ItemGroup>
  <ItemGroup>
    <None Include="SimpleMath.inl">
      <Filter>0.Header\DirectX</Filter>
    </None>
  </ItemGroup>
  <ItemGroup>
    <FxCompile Include="Shader.fx">
      <Filter>HLSL</Filter>
    </FxCompile>
  </ItemGroup>
</Project>