<?xml version="1.0" encoding="utf-8"?>
<Project ToolsVersion="4.0" xmlns="http://schemas.microsoft.com/developer/msbuild/2003">
  <ItemGroup>
    <Filter Include="Windows">
      <UniqueIdentifier>{bd2e5317-56bb-4eaf-901a-feb61a0e85f9}</UniqueIdentifier>
    </Filter>
    <Filter Include="EditorUI">
      <UniqueIdentifier>{cae073eb-dc6d-46fc-b11f-ca6a53b3c661}</UniqueIdentifier>
    </Filter>
    <Filter Include="EditorUI\ComponentUI">
      <UniqueIdentifier>{e26e3896-9437-49b6-9d9c-d952c7117a6c}</UniqueIdentifier>
    </Filter>
    <Filter Include="EditorUI\imgui">
      <UniqueIdentifier>{226a4521-9aec-4ce7-a40d-b6c1c22af905}</UniqueIdentifier>
    </Filter>
    <Filter Include="EditorUI\imgui\Manager">
      <UniqueIdentifier>{79c2e0bf-7ede-4625-b1bb-6680c7ee2c72}</UniqueIdentifier>
    </Filter>
    <Filter Include="EditorUI\GameObject">
      <UniqueIdentifier>{51e2ba3f-92dc-4a2d-b240-04b0ce87a979}</UniqueIdentifier>
    </Filter>
    <Filter Include="EditorUI\Manager">
      <UniqueIdentifier>{ee9b58b8-814d-4bde-9632-aaee6fad6e5d}</UniqueIdentifier>
    </Filter>
    <Filter Include="EditorUI\AssetUI">
      <UniqueIdentifier>{443c03d1-a1ab-417d-b236-5fdc6ffc9648}</UniqueIdentifier>
    </Filter>
  </ItemGroup>
  <ItemGroup>
    <ClInclude Include="Client.h">
      <Filter>Windows</Filter>
    </ClInclude>
    <ClInclude Include="framework.h">
      <Filter>Windows</Filter>
    </ClInclude>
    <ClInclude Include="Resource.h">
      <Filter>Windows</Filter>
    </ClInclude>
    <ClInclude Include="targetver.h">
      <Filter>Windows</Filter>
    </ClInclude>
    <ClInclude Include="pch.h">
      <Filter>Windows</Filter>
    </ClInclude>
    <ClInclude Include="ImguiManager.h">
      <Filter>EditorUI\imgui\Manager</Filter>
    </ClInclude>
    <ClInclude Include="imgui\imconfig.h">
      <Filter>EditorUI\imgui</Filter>
    </ClInclude>
    <ClInclude Include="imgui\imgui.h">
      <Filter>EditorUI\imgui</Filter>
    </ClInclude>
    <ClInclude Include="imgui\imgui_impl_dx11.h">
      <Filter>EditorUI\imgui</Filter>
    </ClInclude>
    <ClInclude Include="imgui\imgui_impl_win32.h">
      <Filter>EditorUI\imgui</Filter>
    </ClInclude>
    <ClInclude Include="imgui\imgui_internal.h">
      <Filter>EditorUI\imgui</Filter>
    </ClInclude>
    <ClInclude Include="imgui\imstb_rectpack.h">
      <Filter>EditorUI\imgui</Filter>
    </ClInclude>
    <ClInclude Include="imgui\imstb_textedit.h">
      <Filter>EditorUI\imgui</Filter>
    </ClInclude>
    <ClInclude Include="imgui\imstb_truetype.h">
      <Filter>EditorUI\imgui</Filter>
    </ClInclude>
    <ClInclude Include="EditorUI.h">
      <Filter>EditorUI</Filter>
    </ClInclude>
    <ClInclude Include="InspectorUI.h">
      <Filter>EditorUI</Filter>
    </ClInclude>
    <ClInclude Include="CameraUI.h">
      <Filter>EditorUI\ComponentUI</Filter>
    </ClInclude>
    <ClInclude Include="Collider2DUI.h">
      <Filter>EditorUI\ComponentUI</Filter>
    </ClInclude>
    <ClInclude Include="ComponentUI.h">
      <Filter>EditorUI\ComponentUI</Filter>
    </ClInclude>
    <ClInclude Include="Light2DUI.h">
      <Filter>EditorUI\ComponentUI</Filter>
    </ClInclude>
    <ClInclude Include="MeshRenderUI.h">
      <Filter>EditorUI\ComponentUI</Filter>
    </ClInclude>
    <ClInclude Include="TransformUI.h">
      <Filter>EditorUI\ComponentUI</Filter>
    </ClInclude>
    <ClInclude Include="ListUI.h">
      <Filter>EditorUI</Filter>
    </ClInclude>
    <ClInclude Include="EditorUIValues.h">
      <Filter>EditorUI</Filter>
    </ClInclude>
    <ClInclude Include="GameObjectEx.h">
      <Filter>EditorUI\GameObject</Filter>
    </ClInclude>
    <ClInclude Include="MenuUI.h">
      <Filter>EditorUI</Filter>
    </ClInclude>
    <ClInclude Include="TreeUI.h">
      <Filter>EditorUI</Filter>
    </ClInclude>
    <ClInclude Include="OutlinerUI.h">
      <Filter>EditorUI</Filter>
    </ClInclude>
    <ClInclude Include="ContentUI.h">
      <Filter>EditorUI</Filter>
    </ClInclude>
    <ClInclude Include="EditorManager.h">
      <Filter>EditorUI\Manager</Filter>
    </ClInclude>
    <ClInclude Include="AssetUI.h">
      <Filter>EditorUI\AssetUI</Filter>
    </ClInclude>
    <ClInclude Include="MeshUI.h">
      <Filter>EditorUI\AssetUI</Filter>
    </ClInclude>
    <ClInclude Include="GraphicShaderUI.h">
      <Filter>EditorUI\AssetUI</Filter>
    </ClInclude>
    <ClInclude Include="TextureUI.h">
      <Filter>EditorUI\AssetUI</Filter>
    </ClInclude>
    <ClInclude Include="SpriteUI.h">
      <Filter>EditorUI\AssetUI</Filter>
    </ClInclude>
    <ClInclude Include="MaterialUI.h">
      <Filter>EditorUI\AssetUI</Filter>
    </ClInclude>
  </ItemGroup>
  <ItemGroup>
    <Image Include="Client.ico">
      <Filter>Windows</Filter>
    </Image>
    <Image Include="small.ico">
      <Filter>Windows</Filter>
    </Image>
  </ItemGroup>
  <ItemGroup>
    <ResourceCompile Include="Client.rc">
      <Filter>Windows</Filter>
    </ResourceCompile>
  </ItemGroup>
  <ItemGroup>
    <ClCompile Include="main.cpp" />
    <ClCompile Include="pch.cpp">
      <Filter>Windows</Filter>
    </ClCompile>
    <ClCompile Include="ImguiManager.cpp">
      <Filter>EditorUI\imgui\Manager</Filter>
    </ClCompile>
    <ClCompile Include="imgui\imgui.cpp">
      <Filter>EditorUI\imgui</Filter>
    </ClCompile>
    <ClCompile Include="imgui\imgui_draw.cpp">
      <Filter>EditorUI\imgui</Filter>
    </ClCompile>
    <ClCompile Include="imgui\imgui_impl_dx11.cpp">
      <Filter>EditorUI\imgui</Filter>
    </ClCompile>
    <ClCompile Include="imgui\imgui_impl_win32.cpp">
      <Filter>EditorUI\imgui</Filter>
    </ClCompile>
    <ClCompile Include="imgui\imgui_demo.cpp">
      <Filter>EditorUI\imgui</Filter>
    </ClCompile>
    <ClCompile Include="imgui\imgui_tables.cpp">
      <Filter>EditorUI\imgui</Filter>
    </ClCompile>
    <ClCompile Include="imgui\imgui_widgets.cpp">
      <Filter>EditorUI\imgui</Filter>
    </ClCompile>
    <ClCompile Include="EditorUI.cpp">
      <Filter>EditorUI</Filter>
    </ClCompile>
    <ClCompile Include="InspectorUI.cpp">
      <Filter>EditorUI</Filter>
    </ClCompile>
    <ClCompile Include="CameraUI.cpp">
      <Filter>EditorUI\ComponentUI</Filter>
    </ClCompile>
    <ClCompile Include="Collider2DUI.cpp">
      <Filter>EditorUI\ComponentUI</Filter>
    </ClCompile>
    <ClCompile Include="ComponentUI.cpp">
      <Filter>EditorUI\ComponentUI</Filter>
    </ClCompile>
    <ClCompile Include="Light2DUI.cpp">
      <Filter>EditorUI\ComponentUI</Filter>
    </ClCompile>
    <ClCompile Include="MeshRenderUI.cpp">
      <Filter>EditorUI\ComponentUI</Filter>
    </ClCompile>
    <ClCompile Include="TransformUI.cpp">
      <Filter>EditorUI\ComponentUI</Filter>
    </ClCompile>
    <ClCompile Include="ListUI.cpp">
      <Filter>EditorUI</Filter>
    </ClCompile>
    <ClCompile Include="GameObjectEx.cpp">
      <Filter>EditorUI\GameObject</Filter>
    </ClCompile>
    <ClCompile Include="MenuUI.cpp">
      <Filter>EditorUI</Filter>
    </ClCompile>
    <ClCompile Include="TreeUI.cpp">
      <Filter>EditorUI</Filter>
    </ClCompile>
    <ClCompile Include="OutlinerUI.cpp">
      <Filter>EditorUI</Filter>
    </ClCompile>
    <ClCompile Include="ContentUI.cpp">
      <Filter>EditorUI</Filter>
    </ClCompile>
    <ClCompile Include="EditorManager.cpp">
      <Filter>EditorUI\Manager</Filter>
    </ClCompile>
    <ClCompile Include="AssetUI.cpp">
      <Filter>EditorUI\AssetUI</Filter>
    </ClCompile>
    <ClCompile Include="MeshUI.cpp">
      <Filter>EditorUI\AssetUI</Filter>
    </ClCompile>
    <ClCompile Include="GraphicShaderUI.cpp">
      <Filter>EditorUI\AssetUI</Filter>
    </ClCompile>
    <ClCompile Include="TextureUI.cpp">
      <Filter>EditorUI\AssetUI</Filter>
    </ClCompile>
    <ClCompile Include="SpriteUI.cpp">
      <Filter>EditorUI\AssetUI</Filter>
    </ClCompile>
    <ClCompile Include="MaterialUI.cpp">
      <Filter>EditorUI\AssetUI</Filter>
    </ClCompile>
  </ItemGroup>
  <ItemGroup>
    <Text Include="imgui\LICENSE.txt">
      <Filter>EditorUI\imgui</Filter>
    </Text>
  </ItemGroup>
</Project>